
Microsoft Visual Studio Solution File, Format Version 12.00
# Visual Studio 15
VisualStudioVersion = 15.0.26124.0
MinimumVisualStudioVersion = 15.0.26124.0
Project("{2150E333-8FDC-42A3-9474-1A3956D46DE8}") = "src", "src", "{8D6E6A27-135A-45A0-B63D-F244B1E8F7D4}"
EndProject
Project("{F2A71F9B-5D33-465A-A702-920D77279786}") = "Sudoku.Lib", "src\Sudoku.Lib\Sudoku.Lib.fsproj", "{A6914CFA-0DFE-4FBB-978D-3D89DAF2FAA5}"
EndProject
Project("{F2A71F9B-5D33-465A-A702-920D77279786}") = "Sudoku.Tests", "src\Sudoku.Tests\Sudoku.Tests.fsproj", "{85817CA2-3DF0-42E6-9B76-9B275B1244C2}"
EndProject
Project("{F2A71F9B-5D33-465A-A702-920D77279786}") = "Sudoku", "src\Sudoku\Sudoku.fsproj", "{3E3568DA-EC19-4494-A1BA-17C660D8BFEE}"
EndProject
Global
	GlobalSection(SolutionConfigurationPlatforms) = preSolution
		Debug|Any CPU = Debug|Any CPU
		Debug|x64 = Debug|x64
		Debug|x86 = Debug|x86
		Release|Any CPU = Release|Any CPU
		Release|x64 = Release|x64
		Release|x86 = Release|x86
	EndGlobalSection
	GlobalSection(SolutionProperties) = preSolution
		HideSolutionNode = FALSE
	EndGlobalSection
	GlobalSection(ProjectConfigurationPlatforms) = postSolution
		{A6914CFA-0DFE-4FBB-978D-3D89DAF2FAA5}.Debug|Any CPU.ActiveCfg = Debug|Any CPU
		{A6914CFA-0DFE-4FBB-978D-3D89DAF2FAA5}.Debug|Any CPU.Build.0 = Debug|Any CPU
		{A6914CFA-0DFE-4FBB-978D-3D89DAF2FAA5}.Debug|x64.ActiveCfg = Debug|Any CPU
		{A6914CFA-0DFE-4FBB-978D-3D89DAF2FAA5}.Debug|x64.Build.0 = Debug|Any CPU
		{A6914CFA-0DFE-4FBB-978D-3D89DAF2FAA5}.Debug|x86.ActiveCfg = Debug|Any CPU
		{A6914CFA-0DFE-4FBB-978D-3D89DAF2FAA5}.Debug|x86.Build.0 = Debug|Any CPU
		{A6914CFA-0DFE-4FBB-978D-3D89DAF2FAA5}.Release|Any CPU.ActiveCfg = Release|Any CPU
		{A6914CFA-0DFE-4FBB-978D-3D89DAF2FAA5}.Release|Any CPU.Build.0 = Release|Any CPU
		{A6914CFA-0DFE-4FBB-978D-3D89DAF2FAA5}.Release|x64.ActiveCfg = Release|Any CPU
		{A6914CFA-0DFE-4FBB-978D-3D89DAF2FAA5}.Release|x64.Build.0 = Release|Any CPU
		{A6914CFA-0DFE-4FBB-978D-3D89DAF2FAA5}.Release|x86.ActiveCfg = Release|Any CPU
		{A6914CFA-0DFE-4FBB-978D-3D89DAF2FAA5}.Release|x86.Build.0 = Release|Any CPU
		{85817CA2-3DF0-42E6-9B76-9B275B1244C2}.Debug|Any CPU.ActiveCfg = Debug|Any CPU
		{85817CA2-3DF0-42E6-9B76-9B275B1244C2}.Debug|Any CPU.Build.0 = Debug|Any CPU
		{85817CA2-3DF0-42E6-9B76-9B275B1244C2}.Debug|x64.ActiveCfg = Debug|Any CPU
		{85817CA2-3DF0-42E6-9B76-9B275B1244C2}.Debug|x64.Build.0 = Debug|Any CPU
		{85817CA2-3DF0-42E6-9B76-9B275B1244C2}.Debug|x86.ActiveCfg = Debug|Any CPU
		{85817CA2-3DF0-42E6-9B76-9B275B1244C2}.Debug|x86.Build.0 = Debug|Any CPU
		{85817CA2-3DF0-42E6-9B76-9B275B1244C2}.Release|Any CPU.ActiveCfg = Release|Any CPU
		{85817CA2-3DF0-42E6-9B76-9B275B1244C2}.Release|Any CPU.Build.0 = Release|Any CPU
		{85817CA2-3DF0-42E6-9B76-9B275B1244C2}.Release|x64.ActiveCfg = Release|Any CPU
		{85817CA2-3DF0-42E6-9B76-9B275B1244C2}.Release|x64.Build.0 = Release|Any CPU
		{85817CA2-3DF0-42E6-9B76-9B275B1244C2}.Release|x86.ActiveCfg = Release|Any CPU
		{85817CA2-3DF0-42E6-9B76-9B275B1244C2}.Release|x86.Build.0 = Release|Any CPU
		{3E3568DA-EC19-4494-A1BA-17C660D8BFEE}.Debug|Any CPU.ActiveCfg = Debug|Any CPU
		{3E3568DA-EC19-4494-A1BA-17C660D8BFEE}.Debug|Any CPU.Build.0 = Debug|Any CPU
		{3E3568DA-EC19-4494-A1BA-17C660D8BFEE}.Debug|x64.ActiveCfg = Debug|Any CPU
		{3E3568DA-EC19-4494-A1BA-17C660D8BFEE}.Debug|x64.Build.0 = Debug|Any CPU
		{3E3568DA-EC19-4494-A1BA-17C660D8BFEE}.Debug|x86.ActiveCfg = Debug|Any CPU
		{3E3568DA-EC19-4494-A1BA-17C660D8BFEE}.Debug|x86.Build.0 = Debug|Any CPU
		{3E3568DA-EC19-4494-A1BA-17C660D8BFEE}.Release|Any CPU.ActiveCfg = Release|Any CPU
		{3E3568DA-EC19-4494-A1BA-17C660D8BFEE}.Release|Any CPU.Build.0 = Release|Any CPU
		{3E3568DA-EC19-4494-A1BA-17C660D8BFEE}.Release|x64.ActiveCfg = Release|Any CPU
		{3E3568DA-EC19-4494-A1BA-17C660D8BFEE}.Release|x64.Build.0 = Release|Any CPU
		{3E3568DA-EC19-4494-A1BA-17C660D8BFEE}.Release|x86.ActiveCfg = Release|Any CPU
		{3E3568DA-EC19-4494-A1BA-17C660D8BFEE}.Release|x86.Build.0 = Release|Any CPU
	EndGlobalSection
	GlobalSection(NestedProjects) = preSolution
		{A6914CFA-0DFE-4FBB-978D-3D89DAF2FAA5} = {8D6E6A27-135A-45A0-B63D-F244B1E8F7D4}
		{85817CA2-3DF0-42E6-9B76-9B275B1244C2} = {8D6E6A27-135A-45A0-B63D-F244B1E8F7D4}
		{3E3568DA-EC19-4494-A1BA-17C660D8BFEE} = {8D6E6A27-135A-45A0-B63D-F244B1E8F7D4}
	EndGlobalSection
EndGlobal
